
Microsoft Visual Studio Solution File, Format Version 12.00
Project("{FAE04EC0-301F-11D3-BF4B-00C04F79EFBC}") = "DebugDemoCSharp-49", "DebugDemoCSharp-49\DebugDemoCSharp-49.csproj", "{8AD6A5F3-A5C6-4967-80D7-3FF7F99C78DD}"
EndProject
Global
	GlobalSection(SolutionConfigurationPlatforms) = preSolution
		Debug|Any CPU = Debug|Any CPU
		Release|Any CPU = Release|Any CPU
	EndGlobalSection
	GlobalSection(ProjectConfigurationPlatforms) = postSolution
		{8AD6A5F3-A5C6-4967-80D7-3FF7F99C78DD}.Debug|Any CPU.ActiveCfg = Debug|Any CPU
		{8AD6A5F3-A5C6-4967-80D7-3FF7F99C78DD}.Debug|Any CPU.Build.0 = Debug|Any CPU
		{8AD6A5F3-A5C6-4967-80D7-3FF7F99C78DD}.Release|Any CPU.ActiveCfg = Release|Any CPU
		{8AD6A5F3-A5C6-4967-80D7-3FF7F99C78DD}.Release|Any CPU.Build.0 = Release|Any CPU
	EndGlobalSection
EndGlobal
